
Microsoft Visual Studio Solution File, Format Version 12.00
Project("{FAE04EC0-301F-11D3-BF4B-00C04F79EFBC}") = "Rush.Interpreter", "Rush.Interpreter\Rush.Interpreter.csproj", "{FC84CA4C-10E9-4766-AD15-208A2A275502}"
EndProject
Project("{FAE04EC0-301F-11D3-BF4B-00C04F79EFBC}") = "Rush.Console", "Rush.Console\Rush.Console.csproj", "{12389A66-58A9-4AC7-B3BD-E5549021ED32}"
EndProject
Global
	GlobalSection(SolutionConfigurationPlatforms) = preSolution
		Debug|Any CPU = Debug|Any CPU
		Release|Any CPU = Release|Any CPU
	EndGlobalSection
	GlobalSection(ProjectConfigurationPlatforms) = postSolution
		{FC84CA4C-10E9-4766-AD15-208A2A275502}.Debug|Any CPU.ActiveCfg = Debug|Any CPU
		{FC84CA4C-10E9-4766-AD15-208A2A275502}.Debug|Any CPU.Build.0 = Debug|Any CPU
		{FC84CA4C-10E9-4766-AD15-208A2A275502}.Release|Any CPU.ActiveCfg = Release|Any CPU
		{FC84CA4C-10E9-4766-AD15-208A2A275502}.Release|Any CPU.Build.0 = Release|Any CPU
		{12389A66-58A9-4AC7-B3BD-E5549021ED32}.Debug|Any CPU.ActiveCfg = Debug|Any CPU
		{12389A66-58A9-4AC7-B3BD-E5549021ED32}.Debug|Any CPU.Build.0 = Debug|Any CPU
		{12389A66-58A9-4AC7-B3BD-E5549021ED32}.Release|Any CPU.ActiveCfg = Release|Any CPU
		{12389A66-58A9-4AC7-B3BD-E5549021ED32}.Release|Any CPU.Build.0 = Release|Any CPU
	EndGlobalSection
EndGlobal
